{
  "version": 4,
  "terraform_version": "0.12.6",
  "serial": 5,
  "lineage": "0085c936-2cc4-fa2c-bf8c-a7b96a5f68e2",
  "outputs": {},
  "resources": [
    {
      "mode": "managed",
      "type": "google_compute_address",
      "name": "pj_web_static_ip",
      "provider": "provider.google",
      "instances": [
        {
          "schema_version": 0,
          "attributes": {
            "address": "104.155.144.2",
            "address_type": "EXTERNAL",
            "creation_timestamp": "2019-10-03T20:37:26.910-07:00",
            "description": "",
            "id": "pattern-journal-1568127981392/us-central1/pj-web-static-ip",
            "name": "pj-web-static-ip",
            "network_tier": "PREMIUM",
            "project": "pattern-journal-1568127981392",
            "purpose": "",
            "region": "us-central1",
            "self_link": "https://www.googleapis.com/compute/v1/projects/pattern-journal-1568127981392/regions/us-central1/addresses/pj-web-static-ip",
            "subnetwork": "",
            "timeouts": null,
            "users": []
          },
          "private": "eyJlMmJmYjczMC1lY2FhLTExZTYtOGY4OC0zNDM2M2JjN2M0YzAiOnsiY3JlYXRlIjoyNDAwMDAwMDAwMDAsImRlbGV0ZSI6MjQwMDAwMDAwMDAwfX0="
        }
      ]
    },
    {
      "mode": "managed",
      "type": "google_storage_bucket",
      "name": "patternjournal_postgres_backups",
      "provider": "provider.google",
      "instances": [
        {
          "schema_version": 0,
          "attributes": {
            "bucket_policy_only": true,
            "cors": [],
            "encryption": [],
            "force_destroy": false,
            "id": "patternjournal_postgres_backups",
            "labels": {},
            "lifecycle_rule": [],
            "location": "US",
            "logging": [],
            "name": "patternjournal_postgres_backups",
            "predefined_acl": null,
            "project": "pattern-journal-1568127981392",
            "requester_pays": false,
            "retention_policy": [
              {
                "is_locked": false,
                "retention_period": 33333333
              }
            ],
            "self_link": "https://www.googleapis.com/storage/v1/b/patternjournal_postgres_backups",
            "storage_class": "NEARLINE",
            "url": "gs://patternjournal_postgres_backups",
            "versioning": [],
            "website": []
          },
          "private": "bnVsbA=="
        }
      ]
    }
  ]
}
