{
  "version": 4,
  "terraform_version": "0.12.6",
  "serial": 23,
  "lineage": "0085c936-2cc4-fa2c-bf8c-a7b96a5f68e2",
  "outputs": {},
  "resources": [
    {
      "mode": "managed",
      "type": "google_compute_address",
      "name": "pj_web_static_ip",
      "provider": "provider.google",
      "instances": [
        {
          "schema_version": 0,
          "attributes": {
            "address": "104.155.144.2",
            "address_type": "EXTERNAL",
            "creation_timestamp": "2019-10-04T08:18:04.422-07:00",
            "description": "",
            "id": "pattern-journal-1568127981392/us-central1/pj-web-static-ip",
            "name": "pj-web-static-ip",
            "network_tier": "PREMIUM",
            "project": "pattern-journal-1568127981392",
            "purpose": "",
            "region": "us-central1",
            "self_link": "https://www.googleapis.com/compute/v1/projects/pattern-journal-1568127981392/regions/us-central1/addresses/pj-web-static-ip",
            "subnetwork": "",
            "timeouts": null,
            "users": [
              "https://www.googleapis.com/compute/v1/projects/pattern-journal-1568127981392/zones/us-central1-a/instances/pj-web"
            ]
          },
          "private": "eyJlMmJmYjczMC1lY2FhLTExZTYtOGY4OC0zNDM2M2JjN2M0YzAiOnsiY3JlYXRlIjoyNDAwMDAwMDAwMDAsImRlbGV0ZSI6MjQwMDAwMDAwMDAwfX0="
        }
      ]
    },
    {
      "mode": "managed",
      "type": "google_compute_instance",
      "name": "pj_web_vm",
      "provider": "provider.google",
      "instances": [
        {
          "schema_version": 6,
          "attributes": {
            "allow_stopping_for_update": null,
            "attached_disk": [],
            "boot_disk": [
              {
                "auto_delete": true,
                "device_name": "persistent-disk-0",
                "disk_encryption_key_raw": "",
                "disk_encryption_key_sha256": "",
                "initialize_params": [
                  {
                    "image": "https://www.googleapis.com/compute/v1/projects/pattern-journal-1568127981392/global/images/packer-1570201412",
                    "labels": {},
                    "size": 10,
                    "type": "pd-standard"
                  }
                ],
                "kms_key_self_link": "",
                "mode": "READ_WRITE",
                "source": "https://www.googleapis.com/compute/v1/projects/pattern-journal-1568127981392/zones/us-central1-a/disks/pj-web"
              }
            ],
            "can_ip_forward": false,
            "cpu_platform": "Intel Haswell",
            "deletion_protection": false,
            "description": "",
            "disk": [],
            "guest_accelerator": [],
            "hostname": "",
            "id": "pj-web",
            "instance_id": "6808075439026396255",
            "label_fingerprint": "42WmSpB8rSM=",
            "labels": {},
            "machine_type": "g1-small",
            "metadata": {},
            "metadata_fingerprint": "pY08EbYVHxA=",
            "metadata_startup_script": "",
            "min_cpu_platform": "",
            "name": "pj-web",
            "network_interface": [
              {
                "access_config": [
                  {
                    "assigned_nat_ip": "",
                    "nat_ip": "104.155.144.2",
                    "network_tier": "PREMIUM",
                    "public_ptr_domain_name": ""
                  }
                ],
                "address": "",
                "alias_ip_range": [],
                "name": "nic0",
                "network": "https://www.googleapis.com/compute/v1/projects/pattern-journal-1568127981392/global/networks/default",
                "network_ip": "10.128.0.8",
                "subnetwork": "https://www.googleapis.com/compute/v1/projects/pattern-journal-1568127981392/regions/us-central1/subnetworks/default",
                "subnetwork_project": "pattern-journal-1568127981392"
              }
            ],
            "project": "pattern-journal-1568127981392",
            "scheduling": [
              {
                "automatic_restart": true,
                "node_affinities": [],
                "on_host_maintenance": "MIGRATE",
                "preemptible": false
              }
            ],
            "scratch_disk": [],
            "self_link": "https://www.googleapis.com/compute/v1/projects/pattern-journal-1568127981392/zones/us-central1-a/instances/pj-web",
            "service_account": [],
            "shielded_instance_config": [
              {
                "enable_integrity_monitoring": true,
                "enable_secure_boot": false,
                "enable_vtpm": true
              }
            ],
            "tags": [
              "http-server",
              "https-server"
            ],
            "tags_fingerprint": "6smc4R4d39I=",
            "timeouts": null,
            "zone": "us-central1-a"
          },
          "private": "eyJlMmJmYjczMC1lY2FhLTExZTYtOGY4OC0zNDM2M2JjN2M0YzAiOnsiY3JlYXRlIjoxMjAwMDAwMDAwMDAwLCJkZWxldGUiOjEyMDAwMDAwMDAwMDAsInVwZGF0ZSI6MTIwMDAwMDAwMDAwMH0sInNjaGVtYV92ZXJzaW9uIjoiNiJ9",
          "depends_on": [
            "google_compute_address.pj_web_static_ip"
          ]
        }
      ]
    },
    {
      "mode": "managed",
      "type": "google_storage_bucket",
      "name": "patternjournal_postgres_backups",
      "provider": "provider.google",
      "instances": [
        {
          "schema_version": 0,
          "attributes": {
            "bucket_policy_only": true,
            "cors": [],
            "encryption": [],
            "force_destroy": false,
            "id": "patternjournal_postgres_backups",
            "labels": {},
            "lifecycle_rule": [],
            "location": "US",
            "logging": [],
            "name": "patternjournal_postgres_backups",
            "predefined_acl": null,
            "project": "pattern-journal-1568127981392",
            "requester_pays": false,
            "retention_policy": [
              {
                "is_locked": false,
                "retention_period": 33333333
              }
            ],
            "self_link": "https://www.googleapis.com/storage/v1/b/patternjournal_postgres_backups",
            "storage_class": "NEARLINE",
            "url": "gs://patternjournal_postgres_backups",
            "versioning": [],
            "website": []
          },
          "private": "bnVsbA=="
        }
      ]
    }
  ]
}
