{
  "version": 4,
  "terraform_version": "0.12.6",
  "serial": 10,
  "lineage": "0085c936-2cc4-fa2c-bf8c-a7b96a5f68e2",
  "outputs": {},
  "resources": [
    {
      "mode": "managed",
      "type": "google_storage_bucket",
      "name": "patternjournal_postgres_backups",
      "provider": "provider.google",
      "instances": [
        {
          "schema_version": 0,
          "attributes": {
            "bucket_policy_only": true,
            "cors": [],
            "encryption": [],
            "force_destroy": false,
            "id": "patternjournal_postgres_backups",
            "labels": {},
            "lifecycle_rule": [],
            "location": "US",
            "logging": [],
            "name": "patternjournal_postgres_backups",
            "predefined_acl": null,
            "project": "pattern-journal-1568127981392",
            "requester_pays": false,
            "retention_policy": [
              {
                "is_locked": false,
                "retention_period": 33333333
              }
            ],
            "self_link": "https://www.googleapis.com/storage/v1/b/patternjournal_postgres_backups",
            "storage_class": "NEARLINE",
            "url": "gs://patternjournal_postgres_backups",
            "versioning": [],
            "website": []
          }
        }
      ]
    }
  ]
}
